%{
  "bunt": {:hex, :bunt, "0.2.0", "951c6e801e8b1d2cbe58ebbd3e616a869061ddadcc4863d0a2182541acae9a38", [:mix], [], "hexpm", "7af5c7e09fe1d40f76c8e4f9dd2be7cebd83909f31fee7cd0e9eadc567da8353"},
  "chaos_monkey": {:git, "https://github.com/dLuna/chaos_monkey", "3415c81d8f1bc77ad20735f9e12333e4aab540eb", []},
  "cowboy": {:hex, :cowboy, "2.8.0", "f3dc62e35797ecd9ac1b50db74611193c29815401e53bac9a5c0577bd7bc667d", [:rebar3], [{:cowlib, "~> 2.9.1", [hex: :cowlib, repo: "hexpm", optional: false]}, {:ranch, "~> 1.7.1", [hex: :ranch, repo: "hexpm", optional: false]}], "hexpm", "4643e4fba74ac96d4d152c75803de6fad0b3fa5df354c71afdd6cbeeb15fac8a"},
  "cowlib": {:hex, :cowlib, "2.9.1", "61a6c7c50cf07fdd24b2f45b89500bb93b6686579b069a89f88cb211e1125c78", [:rebar3], [], "hexpm", "e4175dc240a70d996156160891e1c62238ede1729e45740bdd38064dad476170"},
  "credo": {:hex, :credo, "1.5.1", "4fe303cc828412b9d21eed4eab60914c401e71f117f40243266aafb66f30d036", [:mix], [{:bunt, "~> 0.2.0", [hex: :bunt, repo: "hexpm", optional: false]}, {:file_system, "~> 0.2.8", [hex: :file_system, repo: "hexpm", optional: false]}, {:jason, "~> 1.0", [hex: :jason, repo: "hexpm", optional: false]}], "hexpm", "0b219ca4dcc89e4e7bc6ae7e6539c313e738e192e10b85275fa1e82b5203ecd7"},
  "dialyxir": {:hex, :dialyxir, "1.0.0", "6a1fa629f7881a9f5aaf3a78f094b2a51a0357c843871b8bc98824e7342d00a5", [:mix], [{:erlex, ">= 0.2.6", [hex: :erlex, repo: "hexpm", optional: false]}], "hexpm", "aeb06588145fac14ca08d8061a142d52753dbc2cf7f0d00fc1013f53f8654654"},
  "erlex": {:hex, :erlex, "0.2.6", "c7987d15e899c7a2f34f5420d2a2ea0d659682c06ac607572df55a43753aa12e", [:mix], [], "hexpm", "2ed2e25711feb44d52b17d2780eabf998452f6efda104877a3881c2f8c0c0c75"},
  "excheck": {:git, "https://github.com/devstopfix/excheck.git", "7947becce8e6abf3d34271a5b38d2d6cfb093734", [tag: "0.7.6"]},
  "file_system": {:hex, :file_system, "0.2.9", "545b9c9d502e8bfa71a5315fac2a923bd060fd9acb797fe6595f54b0f975fd32", [:mix], [], "hexpm", "3cf87a377fe1d93043adeec4889feacf594957226b4f19d5897096d6f61345d8"},
  "gnuplot": {:hex, :gnuplot, "1.19.104", "a88996db3859e334a2177aaaa3a4e489890aac4091e79f73febad3e516cd22f7", [:mix], [], "hexpm", "6d20bb702c2f79e495716a2e48e65c6011ef4ef20986a9240f28c2cf59f44329"},
  "jason": {:hex, :jason, "1.2.1", "12b22825e22f468c02eb3e4b9985f3d0cb8dc40b9bd704730efa11abd2708c44", [:mix], [{:decimal, "~> 1.0", [hex: :decimal, repo: "hexpm", optional: true]}], "hexpm", "b659b8571deedf60f79c5a608e15414085fa141344e2716fbd6988a084b5f993"},
  "jsex": {:hex, :jsex, "2.0.0", "d54a39e49418b34b1a78236a92f73e4d7c46329c220275d7223fab4b3dc6120f", [:mix], [{:jsx, "~> 2.0", [hex: :jsx, optional: false]}]},
  "jsx": {:hex, :jsx, "2.8.0", "749bec6d205c694ae1786d62cea6cc45a390437e24835fd16d12d74f07097727", [:mix, :rebar], []},
  "mix_test_watch": {:hex, :mix_test_watch, "0.9.0", "c72132a6071261893518fa08e121e911c9358713f62794a90c95db59042af375", [:mix], [{:file_system, "~> 0.2.1 or ~> 0.3", [hex: :file_system, optional: false]}]},
  "poison": {:hex, :poison, "3.1.0", "d9eb636610e096f86f25d9a46f35a9facac35609a7591b3be3326e99a0484665", [:mix], []},
  "protobuf": {:hex, :protobuf, "0.7.1", "7d1b9f7d9ecb32eccd96b0c58572de4d1c09e9e3bc414e4cb15c2dce7013f195", [:mix], [], "hexpm", "6eff7a5287963719521c82e5d5b4583fd1d7cdd89ad129f0ea7d503a50a4d13f"},
  "ranch": {:hex, :ranch, "1.7.1", "6b1fab51b49196860b733a49c07604465a47bdb78aa10c1c16a3d199f7f8c881", [:rebar3], [], "hexpm", "451d8527787df716d99dc36162fca05934915db0b6141bbdac2ea8d3c7afc7d7"},
  "triq": {:hex, :triq, "1.3.0", "d9ed60f3cd2b6bacbb721bc9873e67e07b02e5b97c63d40db35b12670a7f1bf4", [:rebar3], [], "hexpm", "e01eb99fc53099ded985bb0c629ea0d2b0bfcf5b9a4178e0a93b08dbe51aa8cd"},
}
