%{"bunt": {:hex, :bunt, "0.1.6", "5d95a6882f73f3b9969fdfd1953798046664e6f77ec4e486e6fafc7caad97c6f", [:mix], []},
  "credo": {:hex, :credo, "0.3.13", "90d2d2deb9d376bb2a63f81126a320c3920ce65acb1294982ab49a8aacc7d89f", [:mix], [{:bunt, "~> 0.1.4", [hex: :bunt, optional: false]}]},
  "excheck": {:hex, :excheck, "0.4.0", "d90b69d531e3715b017a0be708f69c201ef4609a1790ec0ab4ac300223aa05fc", [:mix], []},
  "fs": {:hex, :fs, "0.9.2", "ed17036c26c3f70ac49781ed9220a50c36775c6ca2cf8182d123b6566e49ec59", [:rebar], []},
  "mix_test_watch": {:hex, :mix_test_watch, "0.2.6", "9fcc2b1b89d1594c4a8300959c19d50da2f0ff13642c8f681692a6e507f92cab", [:mix], [{:fs, "~> 0.9.1", [hex: :fs, optional: false]}]},
  "triq": {:git, "https://github.com/krestenkrab/triq.git", "c7306b8eaea133d52140cb828817efb5e50a3d52", []}}
